
Microsoft Visual Studio Solution File, Format Version 12.00
# Visual Studio Version 16
VisualStudioVersion = 16.0.30804.86
MinimumVisualStudioVersion = 10.0.40219.1
Project("{FAE04EC0-301F-11D3-BF4B-00C04F79EFBC}") = "Example.Docker.DotnetCoreV2", "Example.Docker.DotnetCoreV2\Example.Docker.DotnetCoreV2.csproj", "{C7D27CA9-4D71-40C0-A059-3AFB858CDFF5}"
EndProject
Project("{FAE04EC0-301F-11D3-BF4B-00C04F79EFBC}") = "Example.Docker.DotnetCoreV3", "Example.Docker.DotnetCoreV3\Example.Docker.DotnetCoreV3.csproj", "{44650451-6403-4017-B517-AFA7A011E279}"
EndProject
Project("{FAE04EC0-301F-11D3-BF4B-00C04F79EFBC}") = "Example.Docker.DotnetCoreV5", "Example.Docker.DotnetCoreV5\Example.Docker.DotnetCoreV5.csproj", "{906F5A26-99E0-4F78-B0BD-E0B4614498E3}"
EndProject
Global
	GlobalSection(SolutionConfigurationPlatforms) = preSolution
		Debug|Any CPU = Debug|Any CPU
		Release|Any CPU = Release|Any CPU
	EndGlobalSection
	GlobalSection(ProjectConfigurationPlatforms) = postSolution
		{C7D27CA9-4D71-40C0-A059-3AFB858CDFF5}.Debug|Any CPU.ActiveCfg = Debug|Any CPU
		{C7D27CA9-4D71-40C0-A059-3AFB858CDFF5}.Debug|Any CPU.Build.0 = Debug|Any CPU
		{C7D27CA9-4D71-40C0-A059-3AFB858CDFF5}.Release|Any CPU.ActiveCfg = Release|Any CPU
		{C7D27CA9-4D71-40C0-A059-3AFB858CDFF5}.Release|Any CPU.Build.0 = Release|Any CPU
		{44650451-6403-4017-B517-AFA7A011E279}.Debug|Any CPU.ActiveCfg = Debug|Any CPU
		{44650451-6403-4017-B517-AFA7A011E279}.Debug|Any CPU.Build.0 = Debug|Any CPU
		{44650451-6403-4017-B517-AFA7A011E279}.Release|Any CPU.ActiveCfg = Release|Any CPU
		{44650451-6403-4017-B517-AFA7A011E279}.Release|Any CPU.Build.0 = Release|Any CPU
		{906F5A26-99E0-4F78-B0BD-E0B4614498E3}.Debug|Any CPU.ActiveCfg = Debug|Any CPU
		{906F5A26-99E0-4F78-B0BD-E0B4614498E3}.Debug|Any CPU.Build.0 = Debug|Any CPU
		{906F5A26-99E0-4F78-B0BD-E0B4614498E3}.Release|Any CPU.ActiveCfg = Release|Any CPU
		{906F5A26-99E0-4F78-B0BD-E0B4614498E3}.Release|Any CPU.Build.0 = Release|Any CPU
	EndGlobalSection
	GlobalSection(SolutionProperties) = preSolution
		HideSolutionNode = FALSE
	EndGlobalSection
	GlobalSection(ExtensibilityGlobals) = postSolution
		SolutionGuid = {281D01D2-B24C-429D-9EB2-9ABA16D1AA99}
	EndGlobalSection
EndGlobal
